
Microsoft Visual Studio Solution File, Format Version 12.00
# Visual Studio Version 17
VisualStudioVersion = 17.1.32210.238
MinimumVisualStudioVersion = 10.0.40219.1
Project("{FAE04EC0-301F-11D3-BF4B-00C04F79EFBC}") = "ProjetoAula05", "ProjetoAula05\ProjetoAula05.csproj", "{E681E6EB-9B83-4F97-BAD6-192F2764FEFF}"
EndProject
Global
	GlobalSection(SolutionConfigurationPlatforms) = preSolution
		Debug|Any CPU = Debug|Any CPU
		Release|Any CPU = Release|Any CPU
	EndGlobalSection
	GlobalSection(ProjectConfigurationPlatforms) = postSolution
		{E681E6EB-9B83-4F97-BAD6-192F2764FEFF}.Debug|Any CPU.ActiveCfg = Debug|Any CPU
		{E681E6EB-9B83-4F97-BAD6-192F2764FEFF}.Debug|Any CPU.Build.0 = Debug|Any CPU
		{E681E6EB-9B83-4F97-BAD6-192F2764FEFF}.Release|Any CPU.ActiveCfg = Release|Any CPU
		{E681E6EB-9B83-4F97-BAD6-192F2764FEFF}.Release|Any CPU.Build.0 = Release|Any CPU
	EndGlobalSection
	GlobalSection(SolutionProperties) = preSolution
		HideSolutionNode = FALSE
	EndGlobalSection
	GlobalSection(ExtensibilityGlobals) = postSolution
		SolutionGuid = {E233DB95-E639-4785-9D81-10FD49E68DA3}
	EndGlobalSection
EndGlobal
